{
  "pins" : [
    {
      "identity" : "lsswiftmacros",
      "kind" : "remoteSourceControl",
      "location" : "https://gitee.com/sandsn123/LSSwiftMacros.git",
      "state" : {
        "branch" : "main",
        "revision" : "e37405742834fb7361c414943ea08597a7878d7b"
      }
    },
    {
      "identity" : "swift-syntax",
      "kind" : "remoteSourceControl",
      "location" : "https://github.com/apple/swift-syntax.git",
      "state" : {
        "revision" : "6ad4ea24b01559dde0773e3d091f1b9e36175036",
        "version" : "509.0.2"
      }
    },
    {
      "identity" : "swiftuimisc",
      "kind" : "remoteSourceControl",
      "location" : "https://gitee.com/sandsn123/SwiftUIMisc.git",
      "state" : {
        "branch" : "main",
        "revision" : "df7703ac0c03adf474e8edc92b21a1f8578433c9"
      }
    }
  ],
  "version" : 2
}
